
Microsoft Visual Studio Solution File, Format Version 12.00
# Visual Studio 14
VisualStudioVersion = 14.0.25123.0
MinimumVisualStudioVersion = 10.0.40219.1
Project("{FAE04EC0-301F-11D3-BF4B-00C04F79EFBC}") = "ClosingHandles.Droid", "ClosingHandles\ClosingHandles.Droid\ClosingHandles.Droid.csproj", "{B8AA375B-AFC1-4C04-B6C3-D0652751ACCF}"
EndProject
Project("{FAE04EC0-301F-11D3-BF4B-00C04F79EFBC}") = "ClosingHandles.iOS", "ClosingHandles\ClosingHandles.iOS\ClosingHandles.iOS.csproj", "{18340AB8-2384-499E-8D74-8A182AD508DA}"
EndProject
Project("{FAE04EC0-301F-11D3-BF4B-00C04F79EFBC}") = "ClosingHandles.UWP", "ClosingHandles\ClosingHandles.UWP\ClosingHandles.UWP.csproj", "{B1A808C0-9AA2-477A-913E-D95C75BC710D}"
EndProject
Project("{D954291E-2A0B-460D-934E-DC6B0785DB48}") = "ClosingHandles", "ClosingHandles\ClosingHandles\ClosingHandles.shproj", "{55A28B63-477C-417C-A453-1BAD71CBEF1D}"
EndProject
Global
	GlobalSection(SharedMSBuildProjectFiles) = preSolution
		ClosingHandles\ClosingHandles\ClosingHandles.projitems*{18340ab8-2384-499e-8d74-8a182ad508da}*SharedItemsImports = 4
		ClosingHandles\ClosingHandles\ClosingHandles.projitems*{b8aa375b-afc1-4c04-b6c3-d0652751accf}*SharedItemsImports = 4
		ClosingHandles\ClosingHandles\ClosingHandles.projitems*{b1a808c0-9aa2-477a-913e-d95c75bc710d}*SharedItemsImports = 4
		ClosingHandles\ClosingHandles\ClosingHandles.projitems*{55a28b63-477c-417c-a453-1bad71cbef1d}*SharedItemsImports = 13
	EndGlobalSection
	GlobalSection(SolutionConfigurationPlatforms) = preSolution
		Ad-Hoc|Any CPU = Ad-Hoc|Any CPU
		Ad-Hoc|ARM = Ad-Hoc|ARM
		Ad-Hoc|iPhone = Ad-Hoc|iPhone
		Ad-Hoc|iPhoneSimulator = Ad-Hoc|iPhoneSimulator
		Ad-Hoc|x64 = Ad-Hoc|x64
		Ad-Hoc|x86 = Ad-Hoc|x86
		AppStore|Any CPU = AppStore|Any CPU
		AppStore|ARM = AppStore|ARM
		AppStore|iPhone = AppStore|iPhone
		AppStore|iPhoneSimulator = AppStore|iPhoneSimulator
		AppStore|x64 = AppStore|x64
		AppStore|x86 = AppStore|x86
		Debug|Any CPU = Debug|Any CPU
		Debug|ARM = Debug|ARM
		Debug|iPhone = Debug|iPhone
		Debug|iPhoneSimulator = Debug|iPhoneSimulator
		Debug|x64 = Debug|x64
		Debug|x86 = Debug|x86
		Release|Any CPU = Release|Any CPU
		Release|ARM = Release|ARM
		Release|iPhone = Release|iPhone
		Release|iPhoneSimulator = Release|iPhoneSimulator
		Release|x64 = Release|x64
		Release|x86 = Release|x86
	EndGlobalSection
	GlobalSection(ProjectConfigurationPlatforms) = postSolution
		{B8AA375B-AFC1-4C04-B6C3-D0652751ACCF}.Ad-Hoc|Any CPU.ActiveCfg = Release|Any CPU
		{B8AA375B-AFC1-4C04-B6C3-D0652751ACCF}.Ad-Hoc|Any CPU.Build.0 = Release|Any CPU
		{B8AA375B-AFC1-4C04-B6C3-D0652751ACCF}.Ad-Hoc|Any CPU.Deploy.0 = Release|Any CPU
		{B8AA375B-AFC1-4C04-B6C3-D0652751ACCF}.Ad-Hoc|ARM.ActiveCfg = Release|Any CPU
		{B8AA375B-AFC1-4C04-B6C3-D0652751ACCF}.Ad-Hoc|ARM.Build.0 = Release|Any CPU
		{B8AA375B-AFC1-4C04-B6C3-D0652751ACCF}.Ad-Hoc|ARM.Deploy.0 = Release|Any CPU
		{B8AA375B-AFC1-4C04-B6C3-D0652751ACCF}.Ad-Hoc|iPhone.ActiveCfg = Release|Any CPU
		{B8AA375B-AFC1-4C04-B6C3-D0652751ACCF}.Ad-Hoc|iPhone.Build.0 = Release|Any CPU
		{B8AA375B-AFC1-4C04-B6C3-D0652751ACCF}.Ad-Hoc|iPhone.Deploy.0 = Release|Any CPU
		{B8AA375B-AFC1-4C04-B6C3-D0652751ACCF}.Ad-Hoc|iPhoneSimulator.ActiveCfg = Release|Any CPU
		{B8AA375B-AFC1-4C04-B6C3-D0652751ACCF}.Ad-Hoc|iPhoneSimulator.Build.0 = Release|Any CPU
		{B8AA375B-AFC1-4C04-B6C3-D0652751ACCF}.Ad-Hoc|iPhoneSimulator.Deploy.0 = Release|Any CPU
		{B8AA375B-AFC1-4C04-B6C3-D0652751ACCF}.Ad-Hoc|x64.ActiveCfg = Release|Any CPU
		{B8AA375B-AFC1-4C04-B6C3-D0652751ACCF}.Ad-Hoc|x64.Build.0 = Release|Any CPU
		{B8AA375B-AFC1-4C04-B6C3-D0652751ACCF}.Ad-Hoc|x64.Deploy.0 = Release|Any CPU
		{B8AA375B-AFC1-4C04-B6C3-D0652751ACCF}.Ad-Hoc|x86.ActiveCfg = Release|Any CPU
		{B8AA375B-AFC1-4C04-B6C3-D0652751ACCF}.Ad-Hoc|x86.Build.0 = Release|Any CPU
		{B8AA375B-AFC1-4C04-B6C3-D0652751ACCF}.Ad-Hoc|x86.Deploy.0 = Release|Any CPU
		{B8AA375B-AFC1-4C04-B6C3-D0652751ACCF}.AppStore|Any CPU.ActiveCfg = Release|Any CPU
		{B8AA375B-AFC1-4C04-B6C3-D0652751ACCF}.AppStore|Any CPU.Build.0 = Release|Any CPU
		{B8AA375B-AFC1-4C04-B6C3-D0652751ACCF}.AppStore|Any CPU.Deploy.0 = Release|Any CPU
		{B8AA375B-AFC1-4C04-B6C3-D0652751ACCF}.AppStore|ARM.ActiveCfg = Release|Any CPU
		{B8AA375B-AFC1-4C04-B6C3-D0652751ACCF}.AppStore|ARM.Build.0 = Release|Any CPU
		{B8AA375B-AFC1-4C04-B6C3-D0652751ACCF}.AppStore|ARM.Deploy.0 = Release|Any CPU
		{B8AA375B-AFC1-4C04-B6C3-D0652751ACCF}.AppStore|iPhone.ActiveCfg = Release|Any CPU
		{B8AA375B-AFC1-4C04-B6C3-D0652751ACCF}.AppStore|iPhone.Build.0 = Release|Any CPU
		{B8AA375B-AFC1-4C04-B6C3-D0652751ACCF}.AppStore|iPhone.Deploy.0 = Release|Any CPU
		{B8AA375B-AFC1-4C04-B6C3-D0652751ACCF}.AppStore|iPhoneSimulator.ActiveCfg = Release|Any CPU
		{B8AA375B-AFC1-4C04-B6C3-D0652751ACCF}.AppStore|iPhoneSimulator.Build.0 = Release|Any CPU
		{B8AA375B-AFC1-4C04-B6C3-D0652751ACCF}.AppStore|iPhoneSimulator.Deploy.0 = Release|Any CPU
		{B8AA375B-AFC1-4C04-B6C3-D0652751ACCF}.AppStore|x64.ActiveCfg = Release|Any CPU
		{B8AA375B-AFC1-4C04-B6C3-D0652751ACCF}.AppStore|x64.Build.0 = Release|Any CPU
		{B8AA375B-AFC1-4C04-B6C3-D0652751ACCF}.AppStore|x64.Deploy.0 = Release|Any CPU
		{B8AA375B-AFC1-4C04-B6C3-D0652751ACCF}.AppStore|x86.ActiveCfg = Release|Any CPU
		{B8AA375B-AFC1-4C04-B6C3-D0652751ACCF}.AppStore|x86.Build.0 = Release|Any CPU
		{B8AA375B-AFC1-4C04-B6C3-D0652751ACCF}.AppStore|x86.Deploy.0 = Release|Any CPU
		{B8AA375B-AFC1-4C04-B6C3-D0652751ACCF}.Debug|Any CPU.ActiveCfg = Debug|Any CPU
		{B8AA375B-AFC1-4C04-B6C3-D0652751ACCF}.Debug|Any CPU.Build.0 = Debug|Any CPU
		{B8AA375B-AFC1-4C04-B6C3-D0652751ACCF}.Debug|Any CPU.Deploy.0 = Debug|Any CPU
		{B8AA375B-AFC1-4C04-B6C3-D0652751ACCF}.Debug|ARM.ActiveCfg = Debug|Any CPU
		{B8AA375B-AFC1-4C04-B6C3-D0652751ACCF}.Debug|ARM.Build.0 = Debug|Any CPU
		{B8AA375B-AFC1-4C04-B6C3-D0652751ACCF}.Debug|ARM.Deploy.0 = Debug|Any CPU
		{B8AA375B-AFC1-4C04-B6C3-D0652751ACCF}.Debug|iPhone.ActiveCfg = Debug|Any CPU
		{B8AA375B-AFC1-4C04-B6C3-D0652751ACCF}.Debug|iPhone.Build.0 = Debug|Any CPU
		{B8AA375B-AFC1-4C04-B6C3-D0652751ACCF}.Debug|iPhone.Deploy.0 = Debug|Any CPU
		{B8AA375B-AFC1-4C04-B6C3-D0652751ACCF}.Debug|iPhoneSimulator.ActiveCfg = Debug|Any CPU
		{B8AA375B-AFC1-4C04-B6C3-D0652751ACCF}.Debug|iPhoneSimulator.Build.0 = Debug|Any CPU
		{B8AA375B-AFC1-4C04-B6C3-D0652751ACCF}.Debug|iPhoneSimulator.Deploy.0 = Debug|Any CPU
		{B8AA375B-AFC1-4C04-B6C3-D0652751ACCF}.Debug|x64.ActiveCfg = Debug|Any CPU
		{B8AA375B-AFC1-4C04-B6C3-D0652751ACCF}.Debug|x64.Build.0 = Debug|Any CPU
		{B8AA375B-AFC1-4C04-B6C3-D0652751ACCF}.Debug|x64.Deploy.0 = Debug|Any CPU
		{B8AA375B-AFC1-4C04-B6C3-D0652751ACCF}.Debug|x86.ActiveCfg = Debug|Any CPU
		{B8AA375B-AFC1-4C04-B6C3-D0652751ACCF}.Debug|x86.Build.0 = Debug|Any CPU
		{B8AA375B-AFC1-4C04-B6C3-D0652751ACCF}.Debug|x86.Deploy.0 = Debug|Any CPU
		{B8AA375B-AFC1-4C04-B6C3-D0652751ACCF}.Release|Any CPU.ActiveCfg = Release|Any CPU
		{B8AA375B-AFC1-4C04-B6C3-D0652751ACCF}.Release|Any CPU.Build.0 = Release|Any CPU
		{B8AA375B-AFC1-4C04-B6C3-D0652751ACCF}.Release|Any CPU.Deploy.0 = Release|Any CPU
		{B8AA375B-AFC1-4C04-B6C3-D0652751ACCF}.Release|ARM.ActiveCfg = Release|Any CPU
		{B8AA375B-AFC1-4C04-B6C3-D0652751ACCF}.Release|ARM.Build.0 = Release|Any CPU
		{B8AA375B-AFC1-4C04-B6C3-D0652751ACCF}.Release|ARM.Deploy.0 = Release|Any CPU
		{B8AA375B-AFC1-4C04-B6C3-D0652751ACCF}.Release|iPhone.ActiveCfg = Release|Any CPU
		{B8AA375B-AFC1-4C04-B6C3-D0652751ACCF}.Release|iPhone.Build.0 = Release|Any CPU
		{B8AA375B-AFC1-4C04-B6C3-D0652751ACCF}.Release|iPhone.Deploy.0 = Release|Any CPU
		{B8AA375B-AFC1-4C04-B6C3-D0652751ACCF}.Release|iPhoneSimulator.ActiveCfg = Release|Any CPU
		{B8AA375B-AFC1-4C04-B6C3-D0652751ACCF}.Release|iPhoneSimulator.Build.0 = Release|Any CPU
		{B8AA375B-AFC1-4C04-B6C3-D0652751ACCF}.Release|iPhoneSimulator.Deploy.0 = Release|Any CPU
		{B8AA375B-AFC1-4C04-B6C3-D0652751ACCF}.Release|x64.ActiveCfg = Release|Any CPU
		{B8AA375B-AFC1-4C04-B6C3-D0652751ACCF}.Release|x64.Build.0 = Release|Any CPU
		{B8AA375B-AFC1-4C04-B6C3-D0652751ACCF}.Release|x64.Deploy.0 = Release|Any CPU
		{B8AA375B-AFC1-4C04-B6C3-D0652751ACCF}.Release|x86.ActiveCfg = Release|Any CPU
		{B8AA375B-AFC1-4C04-B6C3-D0652751ACCF}.Release|x86.Build.0 = Release|Any CPU
		{B8AA375B-AFC1-4C04-B6C3-D0652751ACCF}.Release|x86.Deploy.0 = Release|Any CPU
		{18340AB8-2384-499E-8D74-8A182AD508DA}.Ad-Hoc|Any CPU.ActiveCfg = Ad-Hoc|iPhone
		{18340AB8-2384-499E-8D74-8A182AD508DA}.Ad-Hoc|ARM.ActiveCfg = Ad-Hoc|iPhone
		{18340AB8-2384-499E-8D74-8A182AD508DA}.Ad-Hoc|iPhone.ActiveCfg = Ad-Hoc|iPhone
		{18340AB8-2384-499E-8D74-8A182AD508DA}.Ad-Hoc|iPhone.Build.0 = Ad-Hoc|iPhone
		{18340AB8-2384-499E-8D74-8A182AD508DA}.Ad-Hoc|iPhoneSimulator.ActiveCfg = Ad-Hoc|iPhoneSimulator
		{18340AB8-2384-499E-8D74-8A182AD508DA}.Ad-Hoc|iPhoneSimulator.Build.0 = Ad-Hoc|iPhoneSimulator
		{18340AB8-2384-499E-8D74-8A182AD508DA}.Ad-Hoc|x64.ActiveCfg = Ad-Hoc|iPhone
		{18340AB8-2384-499E-8D74-8A182AD508DA}.Ad-Hoc|x86.ActiveCfg = Ad-Hoc|iPhone
		{18340AB8-2384-499E-8D74-8A182AD508DA}.AppStore|Any CPU.ActiveCfg = AppStore|iPhone
		{18340AB8-2384-499E-8D74-8A182AD508DA}.AppStore|ARM.ActiveCfg = AppStore|iPhone
		{18340AB8-2384-499E-8D74-8A182AD508DA}.AppStore|iPhone.ActiveCfg = AppStore|iPhone
		{18340AB8-2384-499E-8D74-8A182AD508DA}.AppStore|iPhone.Build.0 = AppStore|iPhone
		{18340AB8-2384-499E-8D74-8A182AD508DA}.AppStore|iPhoneSimulator.ActiveCfg = AppStore|iPhoneSimulator
		{18340AB8-2384-499E-8D74-8A182AD508DA}.AppStore|iPhoneSimulator.Build.0 = AppStore|iPhoneSimulator
		{18340AB8-2384-499E-8D74-8A182AD508DA}.AppStore|x64.ActiveCfg = AppStore|iPhone
		{18340AB8-2384-499E-8D74-8A182AD508DA}.AppStore|x86.ActiveCfg = AppStore|iPhone
		{18340AB8-2384-499E-8D74-8A182AD508DA}.Debug|Any CPU.ActiveCfg = Debug|iPhoneSimulator
		{18340AB8-2384-499E-8D74-8A182AD508DA}.Debug|Any CPU.Build.0 = Debug|iPhoneSimulator
		{18340AB8-2384-499E-8D74-8A182AD508DA}.Debug|ARM.ActiveCfg = Debug|iPhone
		{18340AB8-2384-499E-8D74-8A182AD508DA}.Debug|iPhone.ActiveCfg = Debug|iPhone
		{18340AB8-2384-499E-8D74-8A182AD508DA}.Debug|iPhone.Build.0 = Debug|iPhone
		{18340AB8-2384-499E-8D74-8A182AD508DA}.Debug|iPhoneSimulator.ActiveCfg = Debug|iPhoneSimulator
		{18340AB8-2384-499E-8D74-8A182AD508DA}.Debug|iPhoneSimulator.Build.0 = Debug|iPhoneSimulator
		{18340AB8-2384-499E-8D74-8A182AD508DA}.Debug|x64.ActiveCfg = Debug|iPhone
		{18340AB8-2384-499E-8D74-8A182AD508DA}.Debug|x86.ActiveCfg = Debug|iPhone
		{18340AB8-2384-499E-8D74-8A182AD508DA}.Release|Any CPU.ActiveCfg = Release|iPhone
		{18340AB8-2384-499E-8D74-8A182AD508DA}.Release|ARM.ActiveCfg = Release|iPhone
		{18340AB8-2384-499E-8D74-8A182AD508DA}.Release|iPhone.ActiveCfg = Release|iPhone
		{18340AB8-2384-499E-8D74-8A182AD508DA}.Release|iPhone.Build.0 = Release|iPhone
		{18340AB8-2384-499E-8D74-8A182AD508DA}.Release|iPhoneSimulator.ActiveCfg = Release|iPhoneSimulator
		{18340AB8-2384-499E-8D74-8A182AD508DA}.Release|iPhoneSimulator.Build.0 = Release|iPhoneSimulator
		{18340AB8-2384-499E-8D74-8A182AD508DA}.Release|x64.ActiveCfg = Release|iPhone
		{18340AB8-2384-499E-8D74-8A182AD508DA}.Release|x86.ActiveCfg = Release|iPhone
		{B1A808C0-9AA2-477A-913E-D95C75BC710D}.Ad-Hoc|Any CPU.ActiveCfg = Release|x86
		{B1A808C0-9AA2-477A-913E-D95C75BC710D}.Ad-Hoc|Any CPU.Build.0 = Release|x86
		{B1A808C0-9AA2-477A-913E-D95C75BC710D}.Ad-Hoc|Any CPU.Deploy.0 = Release|x86
		{B1A808C0-9AA2-477A-913E-D95C75BC710D}.Ad-Hoc|ARM.ActiveCfg = Release|ARM
		{B1A808C0-9AA2-477A-913E-D95C75BC710D}.Ad-Hoc|ARM.Build.0 = Release|ARM
		{B1A808C0-9AA2-477A-913E-D95C75BC710D}.Ad-Hoc|ARM.Deploy.0 = Release|ARM
		{B1A808C0-9AA2-477A-913E-D95C75BC710D}.Ad-Hoc|iPhone.ActiveCfg = Release|x86
		{B1A808C0-9AA2-477A-913E-D95C75BC710D}.Ad-Hoc|iPhone.Build.0 = Release|x86
		{B1A808C0-9AA2-477A-913E-D95C75BC710D}.Ad-Hoc|iPhone.Deploy.0 = Release|x86
		{B1A808C0-9AA2-477A-913E-D95C75BC710D}.Ad-Hoc|iPhoneSimulator.ActiveCfg = Release|x86
		{B1A808C0-9AA2-477A-913E-D95C75BC710D}.Ad-Hoc|iPhoneSimulator.Build.0 = Release|x86
		{B1A808C0-9AA2-477A-913E-D95C75BC710D}.Ad-Hoc|iPhoneSimulator.Deploy.0 = Release|x86
		{B1A808C0-9AA2-477A-913E-D95C75BC710D}.Ad-Hoc|x64.ActiveCfg = Release|x64
		{B1A808C0-9AA2-477A-913E-D95C75BC710D}.Ad-Hoc|x64.Build.0 = Release|x64
		{B1A808C0-9AA2-477A-913E-D95C75BC710D}.Ad-Hoc|x64.Deploy.0 = Release|x64
		{B1A808C0-9AA2-477A-913E-D95C75BC710D}.Ad-Hoc|x86.ActiveCfg = Release|x86
		{B1A808C0-9AA2-477A-913E-D95C75BC710D}.Ad-Hoc|x86.Build.0 = Release|x86
		{B1A808C0-9AA2-477A-913E-D95C75BC710D}.Ad-Hoc|x86.Deploy.0 = Release|x86
		{B1A808C0-9AA2-477A-913E-D95C75BC710D}.AppStore|Any CPU.ActiveCfg = Release|x86
		{B1A808C0-9AA2-477A-913E-D95C75BC710D}.AppStore|Any CPU.Build.0 = Release|x86
		{B1A808C0-9AA2-477A-913E-D95C75BC710D}.AppStore|Any CPU.Deploy.0 = Release|x86
		{B1A808C0-9AA2-477A-913E-D95C75BC710D}.AppStore|ARM.ActiveCfg = Release|ARM
		{B1A808C0-9AA2-477A-913E-D95C75BC710D}.AppStore|ARM.Build.0 = Release|ARM
		{B1A808C0-9AA2-477A-913E-D95C75BC710D}.AppStore|ARM.Deploy.0 = Release|ARM
		{B1A808C0-9AA2-477A-913E-D95C75BC710D}.AppStore|iPhone.ActiveCfg = Release|x86
		{B1A808C0-9AA2-477A-913E-D95C75BC710D}.AppStore|iPhone.Build.0 = Release|x86
		{B1A808C0-9AA2-477A-913E-D95C75BC710D}.AppStore|iPhone.Deploy.0 = Release|x86
		{B1A808C0-9AA2-477A-913E-D95C75BC710D}.AppStore|iPhoneSimulator.ActiveCfg = Release|x86
		{B1A808C0-9AA2-477A-913E-D95C75BC710D}.AppStore|iPhoneSimulator.Build.0 = Release|x86
		{B1A808C0-9AA2-477A-913E-D95C75BC710D}.AppStore|iPhoneSimulator.Deploy.0 = Release|x86
		{B1A808C0-9AA2-477A-913E-D95C75BC710D}.AppStore|x64.ActiveCfg = Release|x64
		{B1A808C0-9AA2-477A-913E-D95C75BC710D}.AppStore|x64.Build.0 = Release|x64
		{B1A808C0-9AA2-477A-913E-D95C75BC710D}.AppStore|x64.Deploy.0 = Release|x64
		{B1A808C0-9AA2-477A-913E-D95C75BC710D}.AppStore|x86.ActiveCfg = Release|x86
		{B1A808C0-9AA2-477A-913E-D95C75BC710D}.AppStore|x86.Build.0 = Release|x86
		{B1A808C0-9AA2-477A-913E-D95C75BC710D}.AppStore|x86.Deploy.0 = Release|x86
		{B1A808C0-9AA2-477A-913E-D95C75BC710D}.Debug|Any CPU.ActiveCfg = Debug|x86
		{B1A808C0-9AA2-477A-913E-D95C75BC710D}.Debug|Any CPU.Build.0 = Debug|x86
		{B1A808C0-9AA2-477A-913E-D95C75BC710D}.Debug|Any CPU.Deploy.0 = Debug|x86
		{B1A808C0-9AA2-477A-913E-D95C75BC710D}.Debug|ARM.ActiveCfg = Debug|ARM
		{B1A808C0-9AA2-477A-913E-D95C75BC710D}.Debug|ARM.Build.0 = Debug|ARM
		{B1A808C0-9AA2-477A-913E-D95C75BC710D}.Debug|ARM.Deploy.0 = Debug|ARM
		{B1A808C0-9AA2-477A-913E-D95C75BC710D}.Debug|iPhone.ActiveCfg = Debug|x86
		{B1A808C0-9AA2-477A-913E-D95C75BC710D}.Debug|iPhoneSimulator.ActiveCfg = Debug|x86
		{B1A808C0-9AA2-477A-913E-D95C75BC710D}.Debug|x64.ActiveCfg = Debug|x64
		{B1A808C0-9AA2-477A-913E-D95C75BC710D}.Debug|x64.Build.0 = Debug|x64
		{B1A808C0-9AA2-477A-913E-D95C75BC710D}.Debug|x64.Deploy.0 = Debug|x64
		{B1A808C0-9AA2-477A-913E-D95C75BC710D}.Debug|x86.ActiveCfg = Debug|x86
		{B1A808C0-9AA2-477A-913E-D95C75BC710D}.Debug|x86.Build.0 = Debug|x86
		{B1A808C0-9AA2-477A-913E-D95C75BC710D}.Debug|x86.Deploy.0 = Debug|x86
		{B1A808C0-9AA2-477A-913E-D95C75BC710D}.Release|Any CPU.ActiveCfg = Release|x86
		{B1A808C0-9AA2-477A-913E-D95C75BC710D}.Release|ARM.ActiveCfg = Release|ARM
		{B1A808C0-9AA2-477A-913E-D95C75BC710D}.Release|ARM.Build.0 = Release|ARM
		{B1A808C0-9AA2-477A-913E-D95C75BC710D}.Release|ARM.Deploy.0 = Release|ARM
		{B1A808C0-9AA2-477A-913E-D95C75BC710D}.Release|iPhone.ActiveCfg = Release|x86
		{B1A808C0-9AA2-477A-913E-D95C75BC710D}.Release|iPhoneSimulator.ActiveCfg = Release|x86
		{B1A808C0-9AA2-477A-913E-D95C75BC710D}.Release|x64.ActiveCfg = Release|x64
		{B1A808C0-9AA2-477A-913E-D95C75BC710D}.Release|x64.Build.0 = Release|x64
		{B1A808C0-9AA2-477A-913E-D95C75BC710D}.Release|x64.Deploy.0 = Release|x64
		{B1A808C0-9AA2-477A-913E-D95C75BC710D}.Release|x86.ActiveCfg = Release|x86
		{B1A808C0-9AA2-477A-913E-D95C75BC710D}.Release|x86.Build.0 = Release|x86
		{B1A808C0-9AA2-477A-913E-D95C75BC710D}.Release|x86.Deploy.0 = Release|x86
	EndGlobalSection
	GlobalSection(SolutionProperties) = preSolution
		HideSolutionNode = FALSE
	EndGlobalSection
EndGlobal
